// !$*UTF8*$!
{
	archiveVersion = 1;
	classes = {
	};
	objectVersion = 46;
	objects = {

/* Begin PBXBuildFile section */
		9A6837F0148BC31500CF5B7B /* CoreFoundation.framework in Frameworks */ = {isa = PBXBuildFile; fileRef = 9A6837EF148BC31500CF5B7B /* CoreFoundation.framework */; };
		9A6837F6148BC31500CF5B7B /* InfoPlist.strings in Resources */ = {isa = PBXBuildFile; fileRef = 9A6837F4148BC31500CF5B7B /* InfoPlist.strings */; };
		9A683807148BD73B00CF5B7B /* ExampleExport.m in Sources */ = {isa = PBXBuildFile; fileRef = 9A683806148BD73B00CF5B7B /* ExampleExport.m */; };
		9A68380B148BE04300CF5B7B /* Cocoa.framework in Frameworks */ = {isa = PBXBuildFile; fileRef = 9A68380A148BE04300CF5B7B /* Cocoa.framework */; };
		9A68380D148BE16800CF5B7B /* ExampleExport.xib in Resources */ = {isa = PBXBuildFile; fileRef = 9A68380C148BE16800CF5B7B /* ExampleExport.xib */; };
		9A683812148BE31300CF5B7B /* ExampleBox.m in Sources */ = {isa = PBXBuildFile; fileRef = 9A683811148BE31300CF5B7B /* ExampleBox.m */; };
/* End PBXBuildFile section */

/* Begin PBXFileReference section */
		9A6837EC148BC31500CF5B7B /* ExampleExport.iPhotoExporter */ = {isa = PBXFileReference; explicitFileType = wrapper.cfbundle; includeInIndex = 0; path = ExampleExport.iPhotoExporter; sourceTree = BUILT_PRODUCTS_DIR; };
		9A6837EF148BC31500CF5B7B /* CoreFoundation.framework */ = {isa = PBXFileReference; lastKnownFileType = wrapper.framework; name = CoreFoundation.framework; path = System/Library/Frameworks/CoreFoundation.framework; sourceTree = SDKROOT; };
		9A6837F3148BC31500CF5B7B /* ExampleExport-Info.plist */ = {isa = PBXFileReference; lastKnownFileType = text.plist.xml; path = "ExampleExport-Info.plist"; sourceTree = "<group>"; };
		9A6837F5148BC31500CF5B7B /* en */ = {isa = PBXFileReference; lastKnownFileType = text.plist.strings; name = en; path = en.lproj/InfoPlist.strings; sourceTree = "<group>"; };
		9A6837F7148BC31500CF5B7B /* ExampleExport-Prefix.pch */ = {isa = PBXFileReference; lastKnownFileType = sourcecode.c.h; path = "ExampleExport-Prefix.pch"; sourceTree = "<group>"; };
		9A683801148BD6CA00CF5B7B /* ExportImageProtocol.h */ = {isa = PBXFileReference; fileEncoding = 4; lastKnownFileType = sourcecode.c.h; path = ExportImageProtocol.h; sourceTree = "<group>"; };
		9A683802148BD6CA00CF5B7B /* ExportMgr.h */ = {isa = PBXFileReference; fileEncoding = 4; lastKnownFileType = sourcecode.c.h; path = ExportMgr.h; sourceTree = "<group>"; };
		9A683803148BD6CA00CF5B7B /* ExportPluginBoxProtocol.h */ = {isa = PBXFileReference; fileEncoding = 4; lastKnownFileType = sourcecode.c.h; path = ExportPluginBoxProtocol.h; sourceTree = "<group>"; };
		9A683804148BD6CA00CF5B7B /* ExportPluginProtocol.h */ = {isa = PBXFileReference; fileEncoding = 4; lastKnownFileType = sourcecode.c.h; path = ExportPluginProtocol.h; sourceTree = "<group>"; };
		9A683805148BD73B00CF5B7B /* ExampleExport.h */ = {isa = PBXFileReference; fileEncoding = 4; lastKnownFileType = sourcecode.c.h; path = ExampleExport.h; sourceTree = "<group>"; };
		9A683806148BD73B00CF5B7B /* ExampleExport.m */ = {isa = PBXFileReference; fileEncoding = 4; lastKnownFileType = sourcecode.c.objc; path = ExampleExport.m; sourceTree = "<group>"; };
		9A683809148BDBE800CF5B7B /* CDStructures.h */ = {isa = PBXFileReference; fileEncoding = 4; lastKnownFileType = sourcecode.c.h; path = CDStructures.h; sourceTree = "<group>"; };
		9A68380A148BE04300CF5B7B /* Cocoa.framework */ = {isa = PBXFileReference; lastKnownFileType = wrapper.framework; name = Cocoa.framework; path = System/Library/Frameworks/Cocoa.framework; sourceTree = SDKROOT; };
		9A68380C148BE16800CF5B7B /* ExampleExport.xib */ = {isa = PBXFileReference; fileEncoding = 4; lastKnownFileType = file.xib; path = ExampleExport.xib; sourceTree = "<group>"; };
		9A683810148BE31300CF5B7B /* ExampleBox.h */ = {isa = PBXFileReference; fileEncoding = 4; lastKnownFileType = sourcecode.c.h; name = ExampleBox.h; path = ../ExampleBox.h; sourceTree = "<group>"; };
		9A683811148BE31300CF5B7B /* ExampleBox.m */ = {isa = PBXFileReference; fileEncoding = 4; lastKnownFileType = sourcecode.c.objc; name = ExampleBox.m; path = ../ExampleBox.m; sourceTree = "<group>"; };
/* End PBXFileReference section */

/* Begin PBXFrameworksBuildPhase section */
		9A6837E9148BC31500CF5B7B /* Frameworks */ = {
			isa = PBXFrameworksBuildPhase;
			buildActionMask = 2147483647;
			files = (
				9A68380B148BE04300CF5B7B /* Cocoa.framework in Frameworks */,
				9A6837F0148BC31500CF5B7B /* CoreFoundation.framework in Frameworks */,
			);
			runOnlyForDeploymentPostprocessing = 0;
		};
/* End PBXFrameworksBuildPhase section */

/* Begin PBXGroup section */
		9A6837E1148BC31500CF5B7B = {
			isa = PBXGroup;
			children = (
				9A6837F1148BC31500CF5B7B /* ExampleExport */,
				9A6837EE148BC31500CF5B7B /* Frameworks */,
				9A6837ED148BC31500CF5B7B /* Products */,
			);
			sourceTree = "<group>";
		};
		9A6837ED148BC31500CF5B7B /* Products */ = {
			isa = PBXGroup;
			children = (
				9A6837EC148BC31500CF5B7B /* ExampleExport.iPhotoExporter */,
			);
			name = Products;
			sourceTree = "<group>";
		};
		9A6837EE148BC31500CF5B7B /* Frameworks */ = {
			isa = PBXGroup;
			children = (
				9A68380A148BE04300CF5B7B /* Cocoa.framework */,
				9A6837EF148BC31500CF5B7B /* CoreFoundation.framework */,
			);
			name = Frameworks;
			sourceTree = "<group>";
		};
		9A6837F1148BC31500CF5B7B /* ExampleExport */ = {
			isa = PBXGroup;
			children = (
				9A683808148BD74300CF5B7B /* iPhotoHeaders */,
				9A683805148BD73B00CF5B7B /* ExampleExport.h */,
				9A683806148BD73B00CF5B7B /* ExampleExport.m */,
				9A68380C148BE16800CF5B7B /* ExampleExport.xib */,
				9A683810148BE31300CF5B7B /* ExampleBox.h */,
				9A683811148BE31300CF5B7B /* ExampleBox.m */,
				9A6837F2148BC31500CF5B7B /* Supporting Files */,
			);
			path = ExampleExport;
			sourceTree = "<group>";
		};
		9A6837F2148BC31500CF5B7B /* Supporting Files */ = {
			isa = PBXGroup;
			children = (
				9A6837F3148BC31500CF5B7B /* ExampleExport-Info.plist */,
				9A6837F4148BC31500CF5B7B /* InfoPlist.strings */,
				9A6837F7148BC31500CF5B7B /* ExampleExport-Prefix.pch */,
			);
			name = "Supporting Files";
			sourceTree = "<group>";
		};
		9A683808148BD74300CF5B7B /* iPhotoHeaders */ = {
			isa = PBXGroup;
			children = (
				9A683809148BDBE800CF5B7B /* CDStructures.h */,
				9A683801148BD6CA00CF5B7B /* ExportImageProtocol.h */,
				9A683802148BD6CA00CF5B7B /* ExportMgr.h */,
				9A683803148BD6CA00CF5B7B /* ExportPluginBoxProtocol.h */,
				9A683804148BD6CA00CF5B7B /* ExportPluginProtocol.h */,
			);
			name = iPhotoHeaders;
			sourceTree = "<group>";
		};
/* End PBXGroup section */

/* Begin PBXNativeTarget section */
		9A6837EB148BC31500CF5B7B /* ExampleExport */ = {
			isa = PBXNativeTarget;
			buildConfigurationList = 9A6837FA148BC31500CF5B7B /* Build configuration list for PBXNativeTarget "ExampleExport" */;
			buildPhases = (
				9A6837E8148BC31500CF5B7B /* Sources */,
				9A6837E9148BC31500CF5B7B /* Frameworks */,
				9A6837EA148BC31500CF5B7B /* Resources */,
			);
			buildRules = (
			);
			dependencies = (
			);
			name = ExampleExport;
			productName = ExampleExport;
			productReference = 9A6837EC148BC31500CF5B7B /* ExampleExport.iPhotoExporter */;
			productType = "com.apple.product-type.bundle";
		};
/* End PBXNativeTarget section */

/* Begin PBXProject section */
		9A6837E3148BC31500CF5B7B /* Project object */ = {
			isa = PBXProject;
			attributes = {
				LastUpgradeCheck = 0420;
				ORGANIZATIONNAME = "Information Architects";
			};
			buildConfigurationList = 9A6837E6148BC31500CF5B7B /* Build configuration list for PBXProject "ExampleExport" */;
			compatibilityVersion = "Xcode 3.2";
			developmentRegion = English;
			hasScannedForEncodings = 0;
			knownRegions = (
				en,
			);
			mainGroup = 9A6837E1148BC31500CF5B7B;
			productRefGroup = 9A6837ED148BC31500CF5B7B /* Products */;
			projectDirPath = "";
			projectRoot = "";
			targets = (
				9A6837EB148BC31500CF5B7B /* ExampleExport */,
			);
		};
/* End PBXProject section */

/* Begin PBXResourcesBuildPhase section */
		9A6837EA148BC31500CF5B7B /* Resources */ = {
			isa = PBXResourcesBuildPhase;
			buildActionMask = 2147483647;
			files = (
				9A6837F6148BC31500CF5B7B /* InfoPlist.strings in Resources */,
				9A68380D148BE16800CF5B7B /* ExampleExport.xib in Resources */,
			);
			runOnlyForDeploymentPostprocessing = 0;
		};
/* End PBXResourcesBuildPhase section */

/* Begin PBXSourcesBuildPhase section */
		9A6837E8148BC31500CF5B7B /* Sources */ = {
			isa = PBXSourcesBuildPhase;
			buildActionMask = 2147483647;
			files = (
				9A683807148BD73B00CF5B7B /* ExampleExport.m in Sources */,
				9A683812148BE31300CF5B7B /* ExampleBox.m in Sources */,
			);
			runOnlyForDeploymentPostprocessing = 0;
		};
/* End PBXSourcesBuildPhase section */

/* Begin PBXVariantGroup section */
		9A6837F4148BC31500CF5B7B /* InfoPlist.strings */ = {
			isa = PBXVariantGroup;
			children = (
				9A6837F5148BC31500CF5B7B /* en */,
			);
			name = InfoPlist.strings;
			sourceTree = "<group>";
		};
/* End PBXVariantGroup section */

/* Begin XCBuildConfiguration section */
		9A6837F8148BC31500CF5B7B /* Debug */ = {
			isa = XCBuildConfiguration;
			buildSettings = {
				ALWAYS_SEARCH_USER_PATHS = NO;
				ARCHS = "$(ARCHS_STANDARD_32_BIT)";
				COPY_PHASE_STRIP = NO;
				GCC_C_LANGUAGE_STANDARD = gnu99;
				GCC_DYNAMIC_NO_PIC = NO;
				GCC_ENABLE_OBJC_EXCEPTIONS = YES;
				GCC_OPTIMIZATION_LEVEL = 0;
				GCC_PREPROCESSOR_DEFINITIONS = (
					"DEBUG=1",
					"$(inherited)",
				);
				GCC_SYMBOLS_PRIVATE_EXTERN = NO;
				GCC_VERSION = com.apple.compilers.llvm.clang.1_0;
				GCC_WARN_64_TO_32_BIT_CONVERSION = YES;
				GCC_WARN_ABOUT_MISSING_PROTOTYPES = YES;
				GCC_WARN_ABOUT_RETURN_TYPE = YES;
				GCC_WARN_UNUSED_VARIABLE = YES;
				MACOSX_DEPLOYMENT_TARGET = 10.7;
				ONLY_ACTIVE_ARCH = YES;
				SDKROOT = macosx;
			};
			name = Debug;
		};
		9A6837F9148BC31500CF5B7B /* Release */ = {
			isa = XCBuildConfiguration;
			buildSettings = {
				ALWAYS_SEARCH_USER_PATHS = NO;
				ARCHS = "$(ARCHS_STANDARD_32_BIT)";
				COPY_PHASE_STRIP = YES;
				DEBUG_INFORMATION_FORMAT = "dwarf-with-dsym";
				GCC_C_LANGUAGE_STANDARD = gnu99;
				GCC_ENABLE_OBJC_EXCEPTIONS = YES;
				GCC_VERSION = com.apple.compilers.llvm.clang.1_0;
				GCC_WARN_64_TO_32_BIT_CONVERSION = YES;
				GCC_WARN_ABOUT_MISSING_PROTOTYPES = YES;
				GCC_WARN_ABOUT_RETURN_TYPE = YES;
				GCC_WARN_UNUSED_VARIABLE = YES;
				MACOSX_DEPLOYMENT_TARGET = 10.7;
				SDKROOT = macosx;
			};
			name = Release;
		};
		9A6837FB148BC31500CF5B7B /* Debug */ = {
			isa = XCBuildConfiguration;
			buildSettings = {
				CONFIGURATION_BUILD_DIR = /Applications/iPhoto.app/Contents/PlugIns/;
				GCC_PRECOMPILE_PREFIX_HEADER = YES;
				GCC_PREFIX_HEADER = "ExampleExport/ExampleExport-Prefix.pch";
				INFOPLIST_FILE = "ExampleExport/ExampleExport-Info.plist";
				INSTALL_PATH = "$(LOCAL_LIBRARY_DIR)/Bundles";
				PRODUCT_NAME = "$(TARGET_NAME)";
				SYMROOT = build;
				WRAPPER_EXTENSION = iPhotoExporter;
			};
			name = Debug;
		};
		9A6837FC148BC31500CF5B7B /* Release */ = {
			isa = XCBuildConfiguration;
			buildSettings = {
				GCC_PRECOMPILE_PREFIX_HEADER = YES;
				GCC_PREFIX_HEADER = "ExampleExport/ExampleExport-Prefix.pch";
				INFOPLIST_FILE = "ExampleExport/ExampleExport-Info.plist";
				INSTALL_PATH = "$(LOCAL_LIBRARY_DIR)/Bundles";
				PRODUCT_NAME = "$(TARGET_NAME)";
				SYMROOT = build;
				WRAPPER_EXTENSION = iPhotoExporter;
			};
			name = Release;
		};
/* End XCBuildConfiguration section */

/* Begin XCConfigurationList section */
		9A6837E6148BC31500CF5B7B /* Build configuration list for PBXProject "ExampleExport" */ = {
			isa = XCConfigurationList;
			buildConfigurations = (
				9A6837F8148BC31500CF5B7B /* Debug */,
				9A6837F9148BC31500CF5B7B /* Release */,
			);
			defaultConfigurationIsVisible = 0;
			defaultConfigurationName = Release;
		};
		9A6837FA148BC31500CF5B7B /* Build configuration list for PBXNativeTarget "ExampleExport" */ = {
			isa = XCConfigurationList;
			buildConfigurations = (
				9A6837FB148BC31500CF5B7B /* Debug */,
				9A6837FC148BC31500CF5B7B /* Release */,
			);
			defaultConfigurationIsVisible = 0;
			defaultConfigurationName = Release;
		};
/* End XCConfigurationList section */
	};
	rootObject = 9A6837E3148BC31500CF5B7B /* Project object */;
}
